
Microsoft Visual Studio Solution File, Format Version 11.00
# Visual Studio 2010
Project("{E24C65DC-7377-472B-9ABA-BC803B73C61A}") = "Enviro", ".", "{C80FD23F-4F4A-4FD9-B9DE-854A3A28BC95}"
	ProjectSection(WebsiteProperties) = preProject
		TargetFrameworkMoniker = ".NETFramework,Version%3Dv4.0"
		Debug.AspNetCompiler.VirtualPath = "/Enviro"
		Debug.AspNetCompiler.PhysicalPath = "H:\enviro\Enviromontal\Enviromontal_git\Enviro\"
		Debug.AspNetCompiler.TargetPath = "PrecompiledWeb\Enviro\"
		Debug.AspNetCompiler.Updateable = "true"
		Debug.AspNetCompiler.ForceOverwrite = "true"
		Debug.AspNetCompiler.FixedNames = "false"
		Debug.AspNetCompiler.Debug = "True"
		Release.AspNetCompiler.VirtualPath = "/Enviro"
		Release.AspNetCompiler.PhysicalPath = "H:\enviro\Enviromontal\Enviromontal_git\Enviro\"
		Release.AspNetCompiler.TargetPath = "PrecompiledWeb\Enviro\"
		Release.AspNetCompiler.Updateable = "true"
		Release.AspNetCompiler.ForceOverwrite = "true"
		Release.AspNetCompiler.FixedNames = "false"
		Release.AspNetCompiler.Debug = "False"
		VWDPort = "27244"
	EndProjectSection
EndProject
Global
	GlobalSection(SolutionConfigurationPlatforms) = preSolution
		Debug|Any CPU = Debug|Any CPU
	EndGlobalSection
	GlobalSection(ProjectConfigurationPlatforms) = postSolution
		{C80FD23F-4F4A-4FD9-B9DE-854A3A28BC95}.Debug|Any CPU.ActiveCfg = Debug|Any CPU
		{C80FD23F-4F4A-4FD9-B9DE-854A3A28BC95}.Debug|Any CPU.Build.0 = Debug|Any CPU
	EndGlobalSection
	GlobalSection(SolutionProperties) = preSolution
		HideSolutionNode = FALSE
	EndGlobalSection
EndGlobal
